
Microsoft Visual Studio Solution File, Format Version 12.00
# Visual Studio Version 17
VisualStudioVersion = 17.12.35707.178
MinimumVisualStudioVersion = 10.0.40219.1
Project("{FAE04EC0-301F-11D3-BF4B-00C04F79EFBC}") = "Gotorz", "Gotorz\Gotorz\Gotorz.csproj", "{925DE0FF-FE22-48B8-A171-AC3C3BA54E68}"
EndProject
Project("{FAE04EC0-301F-11D3-BF4B-00C04F79EFBC}") = "Gotorz.Client", "Gotorz\Gotorz.Client\Gotorz.Client.csproj", "{C770E6DA-C1FA-45B9-8CD6-60E7E4C1CB69}"
EndProject
Project("{FAE04EC0-301F-11D3-BF4B-00C04F79EFBC}") = "Shared", "Shared\Shared.csproj", "{570DB8D9-05EF-4518-9FB8-DF5F965BAFE5}"
EndProject
Project("{FAE04EC0-301F-11D3-BF4B-00C04F79EFBC}") = "Gotorz.Tests.Server", "Gotorz.Tests.Server\Gotorz.Tests.Server.csproj", "{21472D83-637D-4DCE-AE0A-F0C6B4363090}"
EndProject
Global
	GlobalSection(SolutionConfigurationPlatforms) = preSolution
		Debug|Any CPU = Debug|Any CPU
		Debug|x64 = Debug|x64
		Debug|x86 = Debug|x86
		Release|Any CPU = Release|Any CPU
		Release|x64 = Release|x64
		Release|x86 = Release|x86
	EndGlobalSection
	GlobalSection(ProjectConfigurationPlatforms) = postSolution
		{925DE0FF-FE22-48B8-A171-AC3C3BA54E68}.Debug|Any CPU.ActiveCfg = Debug|Any CPU
		{925DE0FF-FE22-48B8-A171-AC3C3BA54E68}.Debug|Any CPU.Build.0 = Debug|Any CPU
		{925DE0FF-FE22-48B8-A171-AC3C3BA54E68}.Debug|x64.ActiveCfg = Debug|Any CPU
		{925DE0FF-FE22-48B8-A171-AC3C3BA54E68}.Debug|x64.Build.0 = Debug|Any CPU
		{925DE0FF-FE22-48B8-A171-AC3C3BA54E68}.Debug|x86.ActiveCfg = Debug|Any CPU
		{925DE0FF-FE22-48B8-A171-AC3C3BA54E68}.Debug|x86.Build.0 = Debug|Any CPU
		{925DE0FF-FE22-48B8-A171-AC3C3BA54E68}.Release|Any CPU.ActiveCfg = Release|Any CPU
		{925DE0FF-FE22-48B8-A171-AC3C3BA54E68}.Release|Any CPU.Build.0 = Release|Any CPU
		{925DE0FF-FE22-48B8-A171-AC3C3BA54E68}.Release|x64.ActiveCfg = Release|Any CPU
		{925DE0FF-FE22-48B8-A171-AC3C3BA54E68}.Release|x64.Build.0 = Release|Any CPU
		{925DE0FF-FE22-48B8-A171-AC3C3BA54E68}.Release|x86.ActiveCfg = Release|Any CPU
		{925DE0FF-FE22-48B8-A171-AC3C3BA54E68}.Release|x86.Build.0 = Release|Any CPU
		{C770E6DA-C1FA-45B9-8CD6-60E7E4C1CB69}.Debug|Any CPU.ActiveCfg = Debug|Any CPU
		{C770E6DA-C1FA-45B9-8CD6-60E7E4C1CB69}.Debug|Any CPU.Build.0 = Debug|Any CPU
		{C770E6DA-C1FA-45B9-8CD6-60E7E4C1CB69}.Debug|x64.ActiveCfg = Debug|Any CPU
		{C770E6DA-C1FA-45B9-8CD6-60E7E4C1CB69}.Debug|x64.Build.0 = Debug|Any CPU
		{C770E6DA-C1FA-45B9-8CD6-60E7E4C1CB69}.Debug|x86.ActiveCfg = Debug|Any CPU
		{C770E6DA-C1FA-45B9-8CD6-60E7E4C1CB69}.Debug|x86.Build.0 = Debug|Any CPU
		{C770E6DA-C1FA-45B9-8CD6-60E7E4C1CB69}.Release|Any CPU.ActiveCfg = Release|Any CPU
		{C770E6DA-C1FA-45B9-8CD6-60E7E4C1CB69}.Release|Any CPU.Build.0 = Release|Any CPU
		{C770E6DA-C1FA-45B9-8CD6-60E7E4C1CB69}.Release|x64.ActiveCfg = Release|Any CPU
		{C770E6DA-C1FA-45B9-8CD6-60E7E4C1CB69}.Release|x64.Build.0 = Release|Any CPU
		{C770E6DA-C1FA-45B9-8CD6-60E7E4C1CB69}.Release|x86.ActiveCfg = Release|Any CPU
		{C770E6DA-C1FA-45B9-8CD6-60E7E4C1CB69}.Release|x86.Build.0 = Release|Any CPU
		{570DB8D9-05EF-4518-9FB8-DF5F965BAFE5}.Debug|Any CPU.ActiveCfg = Debug|Any CPU
		{570DB8D9-05EF-4518-9FB8-DF5F965BAFE5}.Debug|Any CPU.Build.0 = Debug|Any CPU
		{570DB8D9-05EF-4518-9FB8-DF5F965BAFE5}.Debug|x64.ActiveCfg = Debug|Any CPU
		{570DB8D9-05EF-4518-9FB8-DF5F965BAFE5}.Debug|x64.Build.0 = Debug|Any CPU
		{570DB8D9-05EF-4518-9FB8-DF5F965BAFE5}.Debug|x86.ActiveCfg = Debug|Any CPU
		{570DB8D9-05EF-4518-9FB8-DF5F965BAFE5}.Debug|x86.Build.0 = Debug|Any CPU
		{570DB8D9-05EF-4518-9FB8-DF5F965BAFE5}.Release|Any CPU.ActiveCfg = Release|Any CPU
		{570DB8D9-05EF-4518-9FB8-DF5F965BAFE5}.Release|Any CPU.Build.0 = Release|Any CPU
		{570DB8D9-05EF-4518-9FB8-DF5F965BAFE5}.Release|x64.ActiveCfg = Release|Any CPU
		{570DB8D9-05EF-4518-9FB8-DF5F965BAFE5}.Release|x64.Build.0 = Release|Any CPU
		{570DB8D9-05EF-4518-9FB8-DF5F965BAFE5}.Release|x86.ActiveCfg = Release|Any CPU
		{570DB8D9-05EF-4518-9FB8-DF5F965BAFE5}.Release|x86.Build.0 = Release|Any CPU
		{21472D83-637D-4DCE-AE0A-F0C6B4363090}.Debug|Any CPU.ActiveCfg = Debug|Any CPU
		{21472D83-637D-4DCE-AE0A-F0C6B4363090}.Debug|Any CPU.Build.0 = Debug|Any CPU
		{21472D83-637D-4DCE-AE0A-F0C6B4363090}.Debug|x64.ActiveCfg = Debug|Any CPU
		{21472D83-637D-4DCE-AE0A-F0C6B4363090}.Debug|x64.Build.0 = Debug|Any CPU
		{21472D83-637D-4DCE-AE0A-F0C6B4363090}.Debug|x86.ActiveCfg = Debug|Any CPU
		{21472D83-637D-4DCE-AE0A-F0C6B4363090}.Debug|x86.Build.0 = Debug|Any CPU
		{21472D83-637D-4DCE-AE0A-F0C6B4363090}.Release|Any CPU.ActiveCfg = Release|Any CPU
		{21472D83-637D-4DCE-AE0A-F0C6B4363090}.Release|Any CPU.Build.0 = Release|Any CPU
		{21472D83-637D-4DCE-AE0A-F0C6B4363090}.Release|x64.ActiveCfg = Release|Any CPU
		{21472D83-637D-4DCE-AE0A-F0C6B4363090}.Release|x64.Build.0 = Release|Any CPU
		{21472D83-637D-4DCE-AE0A-F0C6B4363090}.Release|x86.ActiveCfg = Release|Any CPU
		{21472D83-637D-4DCE-AE0A-F0C6B4363090}.Release|x86.Build.0 = Release|Any CPU
	EndGlobalSection
	GlobalSection(SolutionProperties) = preSolution
		HideSolutionNode = FALSE
	EndGlobalSection
	GlobalSection(ExtensibilityGlobals) = postSolution
		SolutionGuid = {9C99020B-EF6F-41D2-B6F3-E1F1F9478199}
	EndGlobalSection
EndGlobal
